// !$*UTF8*$!
{
	archiveVersion = 1;
	classes = {
	};
	objectVersion = 50;
	objects = {

/* Begin PBXBuildFile section */
		CA038B6D256CA78A009AFA72 /* MediaDirector.swift in Sources */ = {isa = PBXBuildFile; fileRef = CA038B6C256CA78A009AFA72 /* MediaDirector.swift */; };
		CA038B72256CB4AC009AFA72 /* ContentViewBuilder.swift in Sources */ = {isa = PBXBuildFile; fileRef = CA038B71256CB4AC009AFA72 /* ContentViewBuilder.swift */; };
		CA483F6A2566EC2A00A0EEFE /* VideoView.swift in Sources */ = {isa = PBXBuildFile; fileRef = CA483F692566EC2A00A0EEFE /* VideoView.swift */; };
		CA483F712566F05A00A0EEFE /* VideoViewConcentrate.swift in Sources */ = {isa = PBXBuildFile; fileRef = CA483F702566F05A00A0EEFE /* VideoViewConcentrate.swift */; };
		CA7B007F2569498F00C909F4 /* Telegram.swift in Sources */ = {isa = PBXBuildFile; fileRef = CA7B007E2569498F00C909F4 /* Telegram.swift */; };
		CA7B0083256949A400C909F4 /* TelegramAPI.swift in Sources */ = {isa = PBXBuildFile; fileRef = CA7B0082256949A400C909F4 /* TelegramAPI.swift */; };
		CA8757772563E7A300A05FC3 /* AppDelegate.swift in Sources */ = {isa = PBXBuildFile; fileRef = CA8757762563E7A300A05FC3 /* AppDelegate.swift */; };
		CA8757792563E7A300A05FC3 /* SceneDelegate.swift in Sources */ = {isa = PBXBuildFile; fileRef = CA8757782563E7A300A05FC3 /* SceneDelegate.swift */; };
		CA87577B2563E7A300A05FC3 /* FeedViewController.swift in Sources */ = {isa = PBXBuildFile; fileRef = CA87577A2563E7A300A05FC3 /* FeedViewController.swift */; };
		CA87577E2563E7A300A05FC3 /* Main.storyboard in Resources */ = {isa = PBXBuildFile; fileRef = CA87577C2563E7A300A05FC3 /* Main.storyboard */; };
		CA8757802563E7A700A05FC3 /* Assets.xcassets in Resources */ = {isa = PBXBuildFile; fileRef = CA87577F2563E7A700A05FC3 /* Assets.xcassets */; };
		CA8757832563E7A700A05FC3 /* LaunchScreen.storyboard in Resources */ = {isa = PBXBuildFile; fileRef = CA8757812563E7A700A05FC3 /* LaunchScreen.storyboard */; };
		CA87578C2563E81A00A05FC3 /* PostView.xib in Resources */ = {isa = PBXBuildFile; fileRef = CA87578B2563E81A00A05FC3 /* PostView.xib */; };
		CA8757902563EECD00A05FC3 /* ContentView.xib in Resources */ = {isa = PBXBuildFile; fileRef = CA87578F2563EECD00A05FC3 /* ContentView.xib */; };
		CA8757932563EEDF00A05FC3 /* ContentView.swift in Sources */ = {isa = PBXBuildFile; fileRef = CA8757922563EEDF00A05FC3 /* ContentView.swift */; };
		CA8757962563EEEF00A05FC3 /* PostView.swift in Sources */ = {isa = PBXBuildFile; fileRef = CA8757952563EEEF00A05FC3 /* PostView.swift */; };
		CA8757992563EF7700A05FC3 /* BottomPostView.xib in Resources */ = {isa = PBXBuildFile; fileRef = CA8757982563EF7700A05FC3 /* BottomPostView.xib */; };
		CA87579C2563EF8200A05FC3 /* BottomPostView.swift in Sources */ = {isa = PBXBuildFile; fileRef = CA87579B2563EF8200A05FC3 /* BottomPostView.swift */; };
		CABDEF422564253F00029269 /* MediaView.swift in Sources */ = {isa = PBXBuildFile; fileRef = CABDEF412564253F00029269 /* MediaView.swift */; };
		CABDEF45256426D000029269 /* TypesMedia.swift in Sources */ = {isa = PBXBuildFile; fileRef = CABDEF44256426D000029269 /* TypesMedia.swift */; };
		CABDEF48256427C900029269 /* ImageView.swift in Sources */ = {isa = PBXBuildFile; fileRef = CABDEF47256427C900029269 /* ImageView.swift */; };
		CAFA4E132567CF7E005768CC /* ShowCntentController.swift in Sources */ = {isa = PBXBuildFile; fileRef = CAFA4E122567CF7E005768CC /* ShowCntentController.swift */; };
		CAFA4E162567EFF2005768CC /* FeedViewControllerConcentrate.swift in Sources */ = {isa = PBXBuildFile; fileRef = CAFA4E152567EFF2005768CC /* FeedViewControllerConcentrate.swift */; };
		CAFA4E1A2567F3F8005768CC /* Notification.swift in Sources */ = {isa = PBXBuildFile; fileRef = CAFA4E192567F3F8005768CC /* Notification.swift */; };
		CAFB23AA25665D24008F5CEF /* vk.swift in Sources */ = {isa = PBXBuildFile; fileRef = CAFB23A925665D24008F5CEF /* vk.swift */; };
		CAFB23B225665DB4008F5CEF /* Api.swift in Sources */ = {isa = PBXBuildFile; fileRef = CAFB23B125665DB4008F5CEF /* Api.swift */; };
		CAFB23B925668DF1008F5CEF /* FeedTableViewCell.swift in Sources */ = {isa = PBXBuildFile; fileRef = CAFB23B725668DF1008F5CEF /* FeedTableViewCell.swift */; };
		CAFB23C02566B489008F5CEF /* PostViewErrors.swift in Sources */ = {isa = PBXBuildFile; fileRef = CAFB23BF2566B489008F5CEF /* PostViewErrors.swift */; };
/* End PBXBuildFile section */

/* Begin PBXFileReference section */
		CA038B6C256CA78A009AFA72 /* MediaDirector.swift */ = {isa = PBXFileReference; lastKnownFileType = sourcecode.swift; path = MediaDirector.swift; sourceTree = "<group>"; };
		CA038B71256CB4AC009AFA72 /* ContentViewBuilder.swift */ = {isa = PBXFileReference; lastKnownFileType = sourcecode.swift; path = ContentViewBuilder.swift; sourceTree = "<group>"; };
		CA483F692566EC2A00A0EEFE /* VideoView.swift */ = {isa = PBXFileReference; lastKnownFileType = sourcecode.swift; path = VideoView.swift; sourceTree = "<group>"; };
		CA483F702566F05A00A0EEFE /* VideoViewConcentrate.swift */ = {isa = PBXFileReference; lastKnownFileType = sourcecode.swift; path = VideoViewConcentrate.swift; sourceTree = "<group>"; };
		CA7B007E2569498F00C909F4 /* Telegram.swift */ = {isa = PBXFileReference; lastKnownFileType = sourcecode.swift; path = Telegram.swift; sourceTree = "<group>"; };
		CA7B0082256949A400C909F4 /* TelegramAPI.swift */ = {isa = PBXFileReference; lastKnownFileType = sourcecode.swift; path = TelegramAPI.swift; sourceTree = "<group>"; };
		CA8757732563E7A300A05FC3 /* VKClient.app */ = {isa = PBXFileReference; explicitFileType = wrapper.application; includeInIndex = 0; path = VKClient.app; sourceTree = BUILT_PRODUCTS_DIR; };
		CA8757762563E7A300A05FC3 /* AppDelegate.swift */ = {isa = PBXFileReference; lastKnownFileType = sourcecode.swift; path = AppDelegate.swift; sourceTree = "<group>"; };
		CA8757782563E7A300A05FC3 /* SceneDelegate.swift */ = {isa = PBXFileReference; lastKnownFileType = sourcecode.swift; path = SceneDelegate.swift; sourceTree = "<group>"; };
		CA87577A2563E7A300A05FC3 /* FeedViewController.swift */ = {isa = PBXFileReference; lastKnownFileType = sourcecode.swift; path = FeedViewController.swift; sourceTree = "<group>"; };
		CA87577D2563E7A300A05FC3 /* Base */ = {isa = PBXFileReference; lastKnownFileType = file.storyboard; name = Base; path = Base.lproj/Main.storyboard; sourceTree = "<group>"; };
		CA87577F2563E7A700A05FC3 /* Assets.xcassets */ = {isa = PBXFileReference; lastKnownFileType = folder.assetcatalog; path = Assets.xcassets; sourceTree = "<group>"; };
		CA8757822563E7A700A05FC3 /* Base */ = {isa = PBXFileReference; lastKnownFileType = file.storyboard; name = Base; path = Base.lproj/LaunchScreen.storyboard; sourceTree = "<group>"; };
		CA8757842563E7A700A05FC3 /* Info.plist */ = {isa = PBXFileReference; lastKnownFileType = text.plist.xml; path = Info.plist; sourceTree = "<group>"; };
		CA87578B2563E81A00A05FC3 /* PostView.xib */ = {isa = PBXFileReference; lastKnownFileType = file.xib; path = PostView.xib; sourceTree = "<group>"; };
		CA87578F2563EECD00A05FC3 /* ContentView.xib */ = {isa = PBXFileReference; lastKnownFileType = file.xib; path = ContentView.xib; sourceTree = "<group>"; };
		CA8757922563EEDF00A05FC3 /* ContentView.swift */ = {isa = PBXFileReference; lastKnownFileType = sourcecode.swift; path = ContentView.swift; sourceTree = "<group>"; };
		CA8757952563EEEF00A05FC3 /* PostView.swift */ = {isa = PBXFileReference; lastKnownFileType = sourcecode.swift; path = PostView.swift; sourceTree = "<group>"; };
		CA8757982563EF7700A05FC3 /* BottomPostView.xib */ = {isa = PBXFileReference; lastKnownFileType = file.xib; path = BottomPostView.xib; sourceTree = "<group>"; };
		CA87579B2563EF8200A05FC3 /* BottomPostView.swift */ = {isa = PBXFileReference; lastKnownFileType = sourcecode.swift; path = BottomPostView.swift; sourceTree = "<group>"; };
		CABDEF412564253F00029269 /* MediaView.swift */ = {isa = PBXFileReference; lastKnownFileType = sourcecode.swift; path = MediaView.swift; sourceTree = "<group>"; };
		CABDEF44256426D000029269 /* TypesMedia.swift */ = {isa = PBXFileReference; lastKnownFileType = sourcecode.swift; path = TypesMedia.swift; sourceTree = "<group>"; };
		CABDEF47256427C900029269 /* ImageView.swift */ = {isa = PBXFileReference; lastKnownFileType = sourcecode.swift; path = ImageView.swift; sourceTree = "<group>"; };
		CAFA4E122567CF7E005768CC /* ShowCntentController.swift */ = {isa = PBXFileReference; lastKnownFileType = sourcecode.swift; path = ShowCntentController.swift; sourceTree = "<group>"; };
		CAFA4E152567EFF2005768CC /* FeedViewControllerConcentrate.swift */ = {isa = PBXFileReference; lastKnownFileType = sourcecode.swift; path = FeedViewControllerConcentrate.swift; sourceTree = "<group>"; };
		CAFA4E192567F3F8005768CC /* Notification.swift */ = {isa = PBXFileReference; lastKnownFileType = sourcecode.swift; path = Notification.swift; sourceTree = "<group>"; };
		CAFB23A925665D24008F5CEF /* vk.swift */ = {isa = PBXFileReference; lastKnownFileType = sourcecode.swift; path = vk.swift; sourceTree = "<group>"; };
		CAFB23B125665DB4008F5CEF /* Api.swift */ = {isa = PBXFileReference; lastKnownFileType = sourcecode.swift; path = Api.swift; sourceTree = "<group>"; };
		CAFB23B725668DF1008F5CEF /* FeedTableViewCell.swift */ = {isa = PBXFileReference; lastKnownFileType = sourcecode.swift; path = FeedTableViewCell.swift; sourceTree = "<group>"; };
		CAFB23BF2566B489008F5CEF /* PostViewErrors.swift */ = {isa = PBXFileReference; lastKnownFileType = sourcecode.swift; path = PostViewErrors.swift; sourceTree = "<group>"; };
/* End PBXFileReference section */

/* Begin PBXFrameworksBuildPhase section */
		CA8757702563E7A300A05FC3 /* Frameworks */ = {
			isa = PBXFrameworksBuildPhase;
			buildActionMask = 2147483647;
			files = (
			);
			runOnlyForDeploymentPostprocessing = 0;
		};
/* End PBXFrameworksBuildPhase section */

/* Begin PBXGroup section */
		CA7B007D2569497D00C909F4 /* Telegram */ = {
			isa = PBXGroup;
			children = (
				CA7B007E2569498F00C909F4 /* Telegram.swift */,
				CA7B0082256949A400C909F4 /* TelegramAPI.swift */,
			);
			path = Telegram;
			sourceTree = "<group>";
		};
		CA87576A2563E7A200A05FC3 = {
			isa = PBXGroup;
			children = (
				CA8757752563E7A300A05FC3 /* VKClient */,
				CA8757742563E7A300A05FC3 /* Products */,
			);
			sourceTree = "<group>";
		};
		CA8757742563E7A300A05FC3 /* Products */ = {
			isa = PBXGroup;
			children = (
				CA8757732563E7A300A05FC3 /* VKClient.app */,
			);
			name = Products;
			sourceTree = "<group>";
		};
		CA8757752563E7A300A05FC3 /* VKClient */ = {
			isa = PBXGroup;
			children = (
				CA7B007D2569497D00C909F4 /* Telegram */,
				CA8757842563E7A700A05FC3 /* Info.plist */,
				CAFA4E2025680296005768CC /* SupportFiles */,
				CAFA4E1F25680271005768CC /* Feed */,
				CAFA4E182567F3EA005768CC /* Notification */,
				CAFB23BE2566B472008F5CEF /* Errors */,
				CAFB23B625668DD4008F5CEF /* FeedItem */,
				CAFB23A225665CE9008F5CEF /* VK */,
				CA87579E2563F37700A05FC3 /* PostView */,
			);
			path = VKClient;
			sourceTree = "<group>";
		};
		CA87579E2563F37700A05FC3 /* PostView */ = {
			isa = PBXGroup;
			children = (
				CA8757A02563F3B700A05FC3 /* BottomPostView */,
				CA87579F2563F3A400A05FC3 /* ContentView */,
				CA87578B2563E81A00A05FC3 /* PostView.xib */,
				CA8757952563EEEF00A05FC3 /* PostView.swift */,
			);
			path = PostView;
			sourceTree = "<group>";
		};
		CA87579F2563F3A400A05FC3 /* ContentView */ = {
			isa = PBXGroup;
			children = (
				CABDEF402564252A00029269 /* MediaView */,
				CABDEF3F256424F700029269 /* VideoView */,
				CABDEF3C2564239400029269 /* ImageView */,
				CA8757922563EEDF00A05FC3 /* ContentView.swift */,
				CA87578F2563EECD00A05FC3 /* ContentView.xib */,
				CA038B6C256CA78A009AFA72 /* MediaDirector.swift */,
				CA038B71256CB4AC009AFA72 /* ContentViewBuilder.swift */,
			);
			path = ContentView;
			sourceTree = "<group>";
		};
		CA8757A02563F3B700A05FC3 /* BottomPostView */ = {
			isa = PBXGroup;
			children = (
				CA8757982563EF7700A05FC3 /* BottomPostView.xib */,
				CA87579B2563EF8200A05FC3 /* BottomPostView.swift */,
			);
			path = BottomPostView;
			sourceTree = "<group>";
		};
		CABDEF3C2564239400029269 /* ImageView */ = {
			isa = PBXGroup;
			children = (
				CABDEF47256427C900029269 /* ImageView.swift */,
			);
			path = ImageView;
			sourceTree = "<group>";
		};
		CABDEF3F256424F700029269 /* VideoView */ = {
			isa = PBXGroup;
			children = (
				CA483F692566EC2A00A0EEFE /* VideoView.swift */,
				CA483F702566F05A00A0EEFE /* VideoViewConcentrate.swift */,
			);
			path = VideoView;
			sourceTree = "<group>";
		};
		CABDEF402564252A00029269 /* MediaView */ = {
			isa = PBXGroup;
			children = (
				CABDEF412564253F00029269 /* MediaView.swift */,
				CABDEF44256426D000029269 /* TypesMedia.swift */,
			);
			path = MediaView;
			sourceTree = "<group>";
		};
		CAFA4E182567F3EA005768CC /* Notification */ = {
			isa = PBXGroup;
			children = (
				CAFA4E192567F3F8005768CC /* Notification.swift */,
			);
			path = Notification;
			sourceTree = "<group>";
		};
		CAFA4E1F25680271005768CC /* Feed */ = {
			isa = PBXGroup;
			children = (
				CAFA4E122567CF7E005768CC /* ShowCntentController.swift */,
				CA87577A2563E7A300A05FC3 /* FeedViewController.swift */,
				CAFA4E152567EFF2005768CC /* FeedViewControllerConcentrate.swift */,
			);
			path = Feed;
			sourceTree = "<group>";
		};
		CAFA4E2025680296005768CC /* SupportFiles */ = {
			isa = PBXGroup;
			children = (
				CA8757812563E7A700A05FC3 /* LaunchScreen.storyboard */,
				CA87577F2563E7A700A05FC3 /* Assets.xcassets */,
				CA87577C2563E7A300A05FC3 /* Main.storyboard */,
				CA8757782563E7A300A05FC3 /* SceneDelegate.swift */,
				CA8757762563E7A300A05FC3 /* AppDelegate.swift */,
			);
			path = SupportFiles;
			sourceTree = "<group>";
		};
		CAFB23A225665CE9008F5CEF /* VK */ = {
			isa = PBXGroup;
			children = (
				CAFB23A925665D24008F5CEF /* vk.swift */,
				CAFB23B125665DB4008F5CEF /* Api.swift */,
			);
			path = VK;
			sourceTree = "<group>";
		};
		CAFB23B625668DD4008F5CEF /* FeedItem */ = {
			isa = PBXGroup;
			children = (
				CAFB23B725668DF1008F5CEF /* FeedTableViewCell.swift */,
			);
			path = FeedItem;
			sourceTree = "<group>";
		};
		CAFB23BE2566B472008F5CEF /* Errors */ = {
			isa = PBXGroup;
			children = (
				CAFB23BF2566B489008F5CEF /* PostViewErrors.swift */,
			);
			path = Errors;
			sourceTree = "<group>";
		};
/* End PBXGroup section */

/* Begin PBXNativeTarget section */
		CA8757722563E7A300A05FC3 /* VKClient */ = {
			isa = PBXNativeTarget;
			buildConfigurationList = CA8757872563E7A700A05FC3 /* Build configuration list for PBXNativeTarget "VKClient" */;
			buildPhases = (
				CA87576F2563E7A300A05FC3 /* Sources */,
				CA8757702563E7A300A05FC3 /* Frameworks */,
				CA8757712563E7A300A05FC3 /* Resources */,
			);
			buildRules = (
			);
			dependencies = (
			);
			name = VKClient;
			productName = VKClient;
			productReference = CA8757732563E7A300A05FC3 /* VKClient.app */;
			productType = "com.apple.product-type.application";
		};
/* End PBXNativeTarget section */

/* Begin PBXProject section */
		CA87576B2563E7A200A05FC3 /* Project object */ = {
			isa = PBXProject;
			attributes = {
				LastSwiftUpdateCheck = 1200;
				LastUpgradeCheck = 1200;
				TargetAttributes = {
					CA8757722563E7A300A05FC3 = {
						CreatedOnToolsVersion = 12.0.1;
					};
				};
			};
			buildConfigurationList = CA87576E2563E7A200A05FC3 /* Build configuration list for PBXProject "VKClient" */;
			compatibilityVersion = "Xcode 9.3";
			developmentRegion = en;
			hasScannedForEncodings = 0;
			knownRegions = (
				en,
				Base,
			);
			mainGroup = CA87576A2563E7A200A05FC3;
			productRefGroup = CA8757742563E7A300A05FC3 /* Products */;
			projectDirPath = "";
			projectRoot = "";
			targets = (
				CA8757722563E7A300A05FC3 /* VKClient */,
			);
		};
/* End PBXProject section */

/* Begin PBXResourcesBuildPhase section */
		CA8757712563E7A300A05FC3 /* Resources */ = {
			isa = PBXResourcesBuildPhase;
			buildActionMask = 2147483647;
			files = (
				CA8757832563E7A700A05FC3 /* LaunchScreen.storyboard in Resources */,
				CA8757802563E7A700A05FC3 /* Assets.xcassets in Resources */,
				CA87578C2563E81A00A05FC3 /* PostView.xib in Resources */,
				CA8757992563EF7700A05FC3 /* BottomPostView.xib in Resources */,
				CA8757902563EECD00A05FC3 /* ContentView.xib in Resources */,
				CA87577E2563E7A300A05FC3 /* Main.storyboard in Resources */,
			);
			runOnlyForDeploymentPostprocessing = 0;
		};
/* End PBXResourcesBuildPhase section */

/* Begin PBXSourcesBuildPhase section */
		CA87576F2563E7A300A05FC3 /* Sources */ = {
			isa = PBXSourcesBuildPhase;
			buildActionMask = 2147483647;
			files = (
				CA7B007F2569498F00C909F4 /* Telegram.swift in Sources */,
				CABDEF45256426D000029269 /* TypesMedia.swift in Sources */,
				CABDEF422564253F00029269 /* MediaView.swift in Sources */,
				CA87577B2563E7A300A05FC3 /* FeedViewController.swift in Sources */,
				CA87579C2563EF8200A05FC3 /* BottomPostView.swift in Sources */,
				CAFB23AA25665D24008F5CEF /* vk.swift in Sources */,
				CAFB23B925668DF1008F5CEF /* FeedTableViewCell.swift in Sources */,
				CA7B0083256949A400C909F4 /* TelegramAPI.swift in Sources */,
				CA483F6A2566EC2A00A0EEFE /* VideoView.swift in Sources */,
				CAFB23B225665DB4008F5CEF /* Api.swift in Sources */,
				CA8757772563E7A300A05FC3 /* AppDelegate.swift in Sources */,
				CAFB23C02566B489008F5CEF /* PostViewErrors.swift in Sources */,
				CA8757932563EEDF00A05FC3 /* ContentView.swift in Sources */,
				CAFA4E1A2567F3F8005768CC /* Notification.swift in Sources */,
				CABDEF48256427C900029269 /* ImageView.swift in Sources */,
				CAFA4E162567EFF2005768CC /* FeedViewControllerConcentrate.swift in Sources */,
				CA483F712566F05A00A0EEFE /* VideoViewConcentrate.swift in Sources */,
				CA8757962563EEEF00A05FC3 /* PostView.swift in Sources */,
				CA8757792563E7A300A05FC3 /* SceneDelegate.swift in Sources */,
				CA038B6D256CA78A009AFA72 /* MediaDirector.swift in Sources */,
				CA038B72256CB4AC009AFA72 /* ContentViewBuilder.swift in Sources */,
				CAFA4E132567CF7E005768CC /* ShowCntentController.swift in Sources */,
			);
			runOnlyForDeploymentPostprocessing = 0;
		};
/* End PBXSourcesBuildPhase section */

/* Begin PBXVariantGroup section */
		CA87577C2563E7A300A05FC3 /* Main.storyboard */ = {
			isa = PBXVariantGroup;
			children = (
				CA87577D2563E7A300A05FC3 /* Base */,
			);
			name = Main.storyboard;
			sourceTree = "<group>";
		};
		CA8757812563E7A700A05FC3 /* LaunchScreen.storyboard */ = {
			isa = PBXVariantGroup;
			children = (
				CA8757822563E7A700A05FC3 /* Base */,
			);
			name = LaunchScreen.storyboard;
			sourceTree = "<group>";
		};
/* End PBXVariantGroup section */

/* Begin XCBuildConfiguration section */
		CA8757852563E7A700A05FC3 /* Debug */ = {
			isa = XCBuildConfiguration;
			buildSettings = {
				ALWAYS_SEARCH_USER_PATHS = NO;
				CLANG_ANALYZER_NONNULL = YES;
				CLANG_ANALYZER_NUMBER_OBJECT_CONVERSION = YES_AGGRESSIVE;
				CLANG_CXX_LANGUAGE_STANDARD = "gnu++14";
				CLANG_CXX_LIBRARY = "libc++";
				CLANG_ENABLE_MODULES = YES;
				CLANG_ENABLE_OBJC_ARC = YES;
				CLANG_ENABLE_OBJC_WEAK = YES;
				CLANG_WARN_BLOCK_CAPTURE_AUTORELEASING = YES;
				CLANG_WARN_BOOL_CONVERSION = YES;
				CLANG_WARN_COMMA = YES;
				CLANG_WARN_CONSTANT_CONVERSION = YES;
				CLANG_WARN_DEPRECATED_OBJC_IMPLEMENTATIONS = YES;
				CLANG_WARN_DIRECT_OBJC_ISA_USAGE = YES_ERROR;
				CLANG_WARN_DOCUMENTATION_COMMENTS = YES;
				CLANG_WARN_EMPTY_BODY = YES;
				CLANG_WARN_ENUM_CONVERSION = YES;
				CLANG_WARN_INFINITE_RECURSION = YES;
				CLANG_WARN_INT_CONVERSION = YES;
				CLANG_WARN_NON_LITERAL_NULL_CONVERSION = YES;
				CLANG_WARN_OBJC_IMPLICIT_RETAIN_SELF = YES;
				CLANG_WARN_OBJC_LITERAL_CONVERSION = YES;
				CLANG_WARN_OBJC_ROOT_CLASS = YES_ERROR;
				CLANG_WARN_QUOTED_INCLUDE_IN_FRAMEWORK_HEADER = YES;
				CLANG_WARN_RANGE_LOOP_ANALYSIS = YES;
				CLANG_WARN_STRICT_PROTOTYPES = YES;
				CLANG_WARN_SUSPICIOUS_MOVE = YES;
				CLANG_WARN_UNGUARDED_AVAILABILITY = YES_AGGRESSIVE;
				CLANG_WARN_UNREACHABLE_CODE = YES;
				CLANG_WARN__DUPLICATE_METHOD_MATCH = YES;
				COPY_PHASE_STRIP = NO;
				DEBUG_INFORMATION_FORMAT = dwarf;
				ENABLE_STRICT_OBJC_MSGSEND = YES;
				ENABLE_TESTABILITY = YES;
				GCC_C_LANGUAGE_STANDARD = gnu11;
				GCC_DYNAMIC_NO_PIC = NO;
				GCC_NO_COMMON_BLOCKS = YES;
				GCC_OPTIMIZATION_LEVEL = 0;
				GCC_PREPROCESSOR_DEFINITIONS = (
					"DEBUG=1",
					"$(inherited)",
				);
				GCC_WARN_64_TO_32_BIT_CONVERSION = YES;
				GCC_WARN_ABOUT_RETURN_TYPE = YES_ERROR;
				GCC_WARN_UNDECLARED_SELECTOR = YES;
				GCC_WARN_UNINITIALIZED_AUTOS = YES_AGGRESSIVE;
				GCC_WARN_UNUSED_FUNCTION = YES;
				GCC_WARN_UNUSED_VARIABLE = YES;
				IPHONEOS_DEPLOYMENT_TARGET = 13.6;
				MTL_ENABLE_DEBUG_INFO = INCLUDE_SOURCE;
				MTL_FAST_MATH = YES;
				ONLY_ACTIVE_ARCH = YES;
				SDKROOT = iphoneos;
				SWIFT_ACTIVE_COMPILATION_CONDITIONS = DEBUG;
				SWIFT_OPTIMIZATION_LEVEL = "-Onone";
			};
			name = Debug;
		};
		CA8757862563E7A700A05FC3 /* Release */ = {
			isa = XCBuildConfiguration;
			buildSettings = {
				ALWAYS_SEARCH_USER_PATHS = NO;
				CLANG_ANALYZER_NONNULL = YES;
				CLANG_ANALYZER_NUMBER_OBJECT_CONVERSION = YES_AGGRESSIVE;
				CLANG_CXX_LANGUAGE_STANDARD = "gnu++14";
				CLANG_CXX_LIBRARY = "libc++";
				CLANG_ENABLE_MODULES = YES;
				CLANG_ENABLE_OBJC_ARC = YES;
				CLANG_ENABLE_OBJC_WEAK = YES;
				CLANG_WARN_BLOCK_CAPTURE_AUTORELEASING = YES;
				CLANG_WARN_BOOL_CONVERSION = YES;
				CLANG_WARN_COMMA = YES;
				CLANG_WARN_CONSTANT_CONVERSION = YES;
				CLANG_WARN_DEPRECATED_OBJC_IMPLEMENTATIONS = YES;
				CLANG_WARN_DIRECT_OBJC_ISA_USAGE = YES_ERROR;
				CLANG_WARN_DOCUMENTATION_COMMENTS = YES;
				CLANG_WARN_EMPTY_BODY = YES;
				CLANG_WARN_ENUM_CONVERSION = YES;
				CLANG_WARN_INFINITE_RECURSION = YES;
				CLANG_WARN_INT_CONVERSION = YES;
				CLANG_WARN_NON_LITERAL_NULL_CONVERSION = YES;
				CLANG_WARN_OBJC_IMPLICIT_RETAIN_SELF = YES;
				CLANG_WARN_OBJC_LITERAL_CONVERSION = YES;
				CLANG_WARN_OBJC_ROOT_CLASS = YES_ERROR;
				CLANG_WARN_QUOTED_INCLUDE_IN_FRAMEWORK_HEADER = YES;
				CLANG_WARN_RANGE_LOOP_ANALYSIS = YES;
				CLANG_WARN_STRICT_PROTOTYPES = YES;
				CLANG_WARN_SUSPICIOUS_MOVE = YES;
				CLANG_WARN_UNGUARDED_AVAILABILITY = YES_AGGRESSIVE;
				CLANG_WARN_UNREACHABLE_CODE = YES;
				CLANG_WARN__DUPLICATE_METHOD_MATCH = YES;
				COPY_PHASE_STRIP = NO;
				DEBUG_INFORMATION_FORMAT = "dwarf-with-dsym";
				ENABLE_NS_ASSERTIONS = NO;
				ENABLE_STRICT_OBJC_MSGSEND = YES;
				GCC_C_LANGUAGE_STANDARD = gnu11;
				GCC_NO_COMMON_BLOCKS = YES;
				GCC_WARN_64_TO_32_BIT_CONVERSION = YES;
				GCC_WARN_ABOUT_RETURN_TYPE = YES_ERROR;
				GCC_WARN_UNDECLARED_SELECTOR = YES;
				GCC_WARN_UNINITIALIZED_AUTOS = YES_AGGRESSIVE;
				GCC_WARN_UNUSED_FUNCTION = YES;
				GCC_WARN_UNUSED_VARIABLE = YES;
				IPHONEOS_DEPLOYMENT_TARGET = 13.6;
				MTL_ENABLE_DEBUG_INFO = NO;
				MTL_FAST_MATH = YES;
				SDKROOT = iphoneos;
				SWIFT_COMPILATION_MODE = wholemodule;
				SWIFT_OPTIMIZATION_LEVEL = "-O";
				VALIDATE_PRODUCT = YES;
			};
			name = Release;
		};
		CA8757882563E7A700A05FC3 /* Debug */ = {
			isa = XCBuildConfiguration;
			buildSettings = {
				ASSETCATALOG_COMPILER_APPICON_NAME = AppIcon;
				ASSETCATALOG_COMPILER_GLOBAL_ACCENT_COLOR_NAME = AccentColor;
				CODE_SIGN_STYLE = Automatic;
				DEVELOPMENT_TEAM = 62MNR2QKFT;
				INFOPLIST_FILE = VKClient/Info.plist;
				LD_RUNPATH_SEARCH_PATHS = (
					"$(inherited)",
					"@executable_path/Frameworks",
				);
				PRODUCT_BUNDLE_IDENTIFIER = edu.VKClient;
				PRODUCT_NAME = "$(TARGET_NAME)";
				SWIFT_VERSION = 5.0;
				TARGETED_DEVICE_FAMILY = "1,2";
			};
			name = Debug;
		};
		CA8757892563E7A700A05FC3 /* Release */ = {
			isa = XCBuildConfiguration;
			buildSettings = {
				ASSETCATALOG_COMPILER_APPICON_NAME = AppIcon;
				ASSETCATALOG_COMPILER_GLOBAL_ACCENT_COLOR_NAME = AccentColor;
				CODE_SIGN_STYLE = Automatic;
				DEVELOPMENT_TEAM = 62MNR2QKFT;
				INFOPLIST_FILE = VKClient/Info.plist;
				LD_RUNPATH_SEARCH_PATHS = (
					"$(inherited)",
					"@executable_path/Frameworks",
				);
				PRODUCT_BUNDLE_IDENTIFIER = edu.VKClient;
				PRODUCT_NAME = "$(TARGET_NAME)";
				SWIFT_VERSION = 5.0;
				TARGETED_DEVICE_FAMILY = "1,2";
			};
			name = Release;
		};
/* End XCBuildConfiguration section */

/* Begin XCConfigurationList section */
		CA87576E2563E7A200A05FC3 /* Build configuration list for PBXProject "VKClient" */ = {
			isa = XCConfigurationList;
			buildConfigurations = (
				CA8757852563E7A700A05FC3 /* Debug */,
				CA8757862563E7A700A05FC3 /* Release */,
			);
			defaultConfigurationIsVisible = 0;
			defaultConfigurationName = Release;
		};
		CA8757872563E7A700A05FC3 /* Build configuration list for PBXNativeTarget "VKClient" */ = {
			isa = XCConfigurationList;
			buildConfigurations = (
				CA8757882563E7A700A05FC3 /* Debug */,
				CA8757892563E7A700A05FC3 /* Release */,
			);
			defaultConfigurationIsVisible = 0;
			defaultConfigurationName = Release;
		};
/* End XCConfigurationList section */
	};
	rootObject = CA87576B2563E7A200A05FC3 /* Project object */;
}
